
Microsoft Visual Studio Solution File, Format Version 12.00
# Visual Studio Version 17
VisualStudioVersion = 17.0.31606.5
MinimumVisualStudioVersion = 10.0.40219.1
Project("{FAE04EC0-301F-11D3-BF4B-00C04F79EFBC}") = "SendGridTemplateDownloader", "SendGridTemplateDownloader\SendGridTemplateDownloader.csproj", "{A63B7616-1AA3-4F5F-8ACA-D9E9EEEB4994}"
EndProject
Project("{FAE04EC0-301F-11D3-BF4B-00C04F79EFBC}") = "SendGridManager", "SendGridManager\SendGridManager.csproj", "{ADE13D45-75EE-4F28-BCEE-2F91FEBE4825}"
EndProject
Global
	GlobalSection(SolutionConfigurationPlatforms) = preSolution
		Debug|Any CPU = Debug|Any CPU
		Release|Any CPU = Release|Any CPU
	EndGlobalSection
	GlobalSection(ProjectConfigurationPlatforms) = postSolution
		{A63B7616-1AA3-4F5F-8ACA-D9E9EEEB4994}.Debug|Any CPU.ActiveCfg = Debug|Any CPU
		{A63B7616-1AA3-4F5F-8ACA-D9E9EEEB4994}.Debug|Any CPU.Build.0 = Debug|Any CPU
		{A63B7616-1AA3-4F5F-8ACA-D9E9EEEB4994}.Release|Any CPU.ActiveCfg = Release|Any CPU
		{A63B7616-1AA3-4F5F-8ACA-D9E9EEEB4994}.Release|Any CPU.Build.0 = Release|Any CPU
		{ADE13D45-75EE-4F28-BCEE-2F91FEBE4825}.Debug|Any CPU.ActiveCfg = Debug|Any CPU
		{ADE13D45-75EE-4F28-BCEE-2F91FEBE4825}.Debug|Any CPU.Build.0 = Debug|Any CPU
		{ADE13D45-75EE-4F28-BCEE-2F91FEBE4825}.Release|Any CPU.ActiveCfg = Release|Any CPU
		{ADE13D45-75EE-4F28-BCEE-2F91FEBE4825}.Release|Any CPU.Build.0 = Release|Any CPU
	EndGlobalSection
	GlobalSection(SolutionProperties) = preSolution
		HideSolutionNode = FALSE
	EndGlobalSection
	GlobalSection(ExtensibilityGlobals) = postSolution
		SolutionGuid = {DF805428-92AB-41AB-92FE-5F91CEADAB1C}
	EndGlobalSection
EndGlobal
